
Microsoft Visual Studio Solution File, Format Version 12.00
# Visual Studio Version 16
VisualStudioVersion = 16.0.31112.23
MinimumVisualStudioVersion = 10.0.40219.1
Project("{9A19103F-16F7-4668-BE54-9A1E7A4F7556}") = "Quick.RabbitMq", "Quick.RabbitMq\Quick.RabbitMq.csproj", "{1C64B0DC-7550-4A8B-BDEC-E0A7A1ACFA8A}"
EndProject
Project("{9A19103F-16F7-4668-BE54-9A1E7A4F7556}") = "RpcServerDemo", "RpcServerDemo\RpcServerDemo.csproj", "{58CD6185-1D75-4EC0-B4A3-67E8073EEB19}"
EndProject
Project("{9A19103F-16F7-4668-BE54-9A1E7A4F7556}") = "RpcClientDemo", "RpcClientDemo\RpcClientDemo.csproj", "{633267F5-2DEE-4C42-8D7B-916B9934F3CB}"
EndProject
Project("{9A19103F-16F7-4668-BE54-9A1E7A4F7556}") = "RpcProtocolDemo", "RpcProtocolDemo\RpcProtocolDemo.csproj", "{43F17655-6F33-487E-B5B8-3DA0800D2775}"
EndProject
Project("{FAE04EC0-301F-11D3-BF4B-00C04F79EFBC}") = "Quick.Rpc", "Quick.Rpc\Quick.Rpc.csproj", "{6078917D-3CFF-4842-A301-3E11FFAC489F}"
EndProject
Global
	GlobalSection(SolutionConfigurationPlatforms) = preSolution
		Debug|Any CPU = Debug|Any CPU
		Release|Any CPU = Release|Any CPU
	EndGlobalSection
	GlobalSection(ProjectConfigurationPlatforms) = postSolution
		{1C64B0DC-7550-4A8B-BDEC-E0A7A1ACFA8A}.Debug|Any CPU.ActiveCfg = Debug|Any CPU
		{1C64B0DC-7550-4A8B-BDEC-E0A7A1ACFA8A}.Debug|Any CPU.Build.0 = Debug|Any CPU
		{1C64B0DC-7550-4A8B-BDEC-E0A7A1ACFA8A}.Release|Any CPU.ActiveCfg = Release|Any CPU
		{1C64B0DC-7550-4A8B-BDEC-E0A7A1ACFA8A}.Release|Any CPU.Build.0 = Release|Any CPU
		{58CD6185-1D75-4EC0-B4A3-67E8073EEB19}.Debug|Any CPU.ActiveCfg = Debug|Any CPU
		{58CD6185-1D75-4EC0-B4A3-67E8073EEB19}.Debug|Any CPU.Build.0 = Debug|Any CPU
		{58CD6185-1D75-4EC0-B4A3-67E8073EEB19}.Release|Any CPU.ActiveCfg = Release|Any CPU
		{58CD6185-1D75-4EC0-B4A3-67E8073EEB19}.Release|Any CPU.Build.0 = Release|Any CPU
		{633267F5-2DEE-4C42-8D7B-916B9934F3CB}.Debug|Any CPU.ActiveCfg = Debug|Any CPU
		{633267F5-2DEE-4C42-8D7B-916B9934F3CB}.Debug|Any CPU.Build.0 = Debug|Any CPU
		{633267F5-2DEE-4C42-8D7B-916B9934F3CB}.Release|Any CPU.ActiveCfg = Release|Any CPU
		{633267F5-2DEE-4C42-8D7B-916B9934F3CB}.Release|Any CPU.Build.0 = Release|Any CPU
		{43F17655-6F33-487E-B5B8-3DA0800D2775}.Debug|Any CPU.ActiveCfg = Debug|Any CPU
		{43F17655-6F33-487E-B5B8-3DA0800D2775}.Debug|Any CPU.Build.0 = Debug|Any CPU
		{43F17655-6F33-487E-B5B8-3DA0800D2775}.Release|Any CPU.ActiveCfg = Release|Any CPU
		{43F17655-6F33-487E-B5B8-3DA0800D2775}.Release|Any CPU.Build.0 = Release|Any CPU
		{6078917D-3CFF-4842-A301-3E11FFAC489F}.Debug|Any CPU.ActiveCfg = Debug|Any CPU
		{6078917D-3CFF-4842-A301-3E11FFAC489F}.Debug|Any CPU.Build.0 = Debug|Any CPU
		{6078917D-3CFF-4842-A301-3E11FFAC489F}.Release|Any CPU.ActiveCfg = Release|Any CPU
		{6078917D-3CFF-4842-A301-3E11FFAC489F}.Release|Any CPU.Build.0 = Release|Any CPU
	EndGlobalSection
	GlobalSection(SolutionProperties) = preSolution
		HideSolutionNode = FALSE
	EndGlobalSection
	GlobalSection(ExtensibilityGlobals) = postSolution
		SolutionGuid = {2DADFE35-C39F-4B7D-8AF3-C18EB7C2A236}
	EndGlobalSection
EndGlobal
